{
  "name": "igc-analyzer",
  "version": "0.0.1",
  "lockfileVersion": 1,
  "requires": true,
  "dependencies": {
    "lodash": {
      "version": "4.17.13",
      "resolved": "https://registry.npmjs.org/lodash/-/lodash-4.17.13.tgz",
      "integrity": "sha512-vm3/XWXfWtRua0FkUyEHBZy8kCPjErNBT9fJx8Zvs+U6zjqPbTUOpkaoum3O5uiA8sm+yNMHXfYkTUHFoMxFNA=="
    },
    "simple-statistics": {
      "version": "7.0.0",
      "resolved": "https://registry.npmjs.org/simple-statistics/-/simple-statistics-7.0.0.tgz",
      "integrity": "sha512-A1Ibqq2DeTCeqZACGo0/DE+hAQkIKIVoh9VRUf57VBVui60hCsaqfsmiCnlebzekCvMBg46RMY3BeRYasPAnFQ=="
    }
  }
}
